schema: '2.0'
stages:
  train:
    cmd: python src/train.py
    deps:
    - path: src/train.py
      hash: md5
      md5: ab781e65af09b559aa483d32fba7f740
      size: 1706
    outs:
    - path: model/model1.keras
      hash: md5
      md5: d7efa7898c8fb644efa822c93257fb77
      size: 39267568
  evaluate:
    cmd: python src/evaluate.py
    deps:
    - path: model/model1.keras
      hash: md5
      md5: d7efa7898c8fb644efa822c93257fb77
      size: 39267568
    - path: src/evaluate.py
      hash: md5
      md5: 898180145622f0bed7821207276d97d2
      size: 564
    outs:
    - path: metrics/accuracy1.txt
      hash: md5
      md5: 25e36e50912866234f80c3cc4fe54a1d
      size: 18
