schema: '2.0'
stages:
  train:
    cmd: python src/train.py
    deps:
    - path: src/train.py
      hash: md5
      md5: 533c0ac242fc092b186830543fc3c128
      size: 1937
    outs:
    - path: model/model1.keras
      hash: md5
      md5: 35e1650e36ba42644d1638a71cbc8184
      size: 319129368
  evaluate:
    cmd: python src/evaluate.py
    deps:
    - path: model/model1.keras
      hash: md5
      md5: 35e1650e36ba42644d1638a71cbc8184
      size: 319129368
    - path: src/evaluate.py
      hash: md5
      md5: 898180145622f0bed7821207276d97d2
      size: 564
    outs:
    - path: metrics/accuracy1.txt
      hash: md5
      md5: 740ba97e10c9a9d5bae2f2fa02335c6c
      size: 18
